
Microsoft Visual Studio Solution File, Format Version 12.00
# Visual Studio 15
VisualStudioVersion = 15.0.26730.15
MinimumVisualStudioVersion = 10.0.40219.1
Project("{FAE04EC0-301F-11D3-BF4B-00C04F79EFBC}") = "MorseCode", "MorseCode\MorseCode.csproj", "{526D7FB7-9EC1-4A5F-A4A9-164F44CCFB9D}"
EndProject
Project("{FAE04EC0-301F-11D3-BF4B-00C04F79EFBC}") = "MorseCodeLibrary", "MorseCodeLibrary\MorseCodeLibrary.csproj", "{8D96781B-431B-4D64-8C06-33FA54EA8556}"
EndProject
Project("{FAE04EC0-301F-11D3-BF4B-00C04F79EFBC}") = "MorseCodeUnitTest", "MorseCodeUnitTest\MorseCodeUnitTest.csproj", "{21823480-26EC-495D-A7C6-5A08F155B319}"
EndProject
Global
	GlobalSection(SolutionConfigurationPlatforms) = preSolution
		Debug|Any CPU = Debug|Any CPU
		Release|Any CPU = Release|Any CPU
	EndGlobalSection
	GlobalSection(ProjectConfigurationPlatforms) = postSolution
		{526D7FB7-9EC1-4A5F-A4A9-164F44CCFB9D}.Debug|Any CPU.ActiveCfg = Debug|Any CPU
		{526D7FB7-9EC1-4A5F-A4A9-164F44CCFB9D}.Debug|Any CPU.Build.0 = Debug|Any CPU
		{526D7FB7-9EC1-4A5F-A4A9-164F44CCFB9D}.Release|Any CPU.ActiveCfg = Release|Any CPU
		{526D7FB7-9EC1-4A5F-A4A9-164F44CCFB9D}.Release|Any CPU.Build.0 = Release|Any CPU
		{8D96781B-431B-4D64-8C06-33FA54EA8556}.Debug|Any CPU.ActiveCfg = Debug|Any CPU
		{8D96781B-431B-4D64-8C06-33FA54EA8556}.Debug|Any CPU.Build.0 = Debug|Any CPU
		{8D96781B-431B-4D64-8C06-33FA54EA8556}.Release|Any CPU.ActiveCfg = Release|Any CPU
		{8D96781B-431B-4D64-8C06-33FA54EA8556}.Release|Any CPU.Build.0 = Release|Any CPU
		{21823480-26EC-495D-A7C6-5A08F155B319}.Debug|Any CPU.ActiveCfg = Debug|Any CPU
		{21823480-26EC-495D-A7C6-5A08F155B319}.Debug|Any CPU.Build.0 = Debug|Any CPU
		{21823480-26EC-495D-A7C6-5A08F155B319}.Release|Any CPU.ActiveCfg = Release|Any CPU
		{21823480-26EC-495D-A7C6-5A08F155B319}.Release|Any CPU.Build.0 = Release|Any CPU
	EndGlobalSection
	GlobalSection(SolutionProperties) = preSolution
		HideSolutionNode = FALSE
	EndGlobalSection
	GlobalSection(ExtensibilityGlobals) = postSolution
		SolutionGuid = {0970556B-F239-4305-9BE8-8C4C585B93A1}
	EndGlobalSection
EndGlobal
